
Microsoft Visual Studio Solution File, Format Version 12.00
# Visual Studio Version 16
VisualStudioVersion = 16.0.31515.178
MinimumVisualStudioVersion = 10.0.40219.1
Project("{FAE04EC0-301F-11D3-BF4B-00C04F79EFBC}") = "vidu1_1", "vidu1_1\vidu1_1.csproj", "{782B614B-BA85-4ED8-8851-48EEB80C352B}"
EndProject
Global
	GlobalSection(SolutionConfigurationPlatforms) = preSolution
		Debug|Any CPU = Debug|Any CPU
		Release|Any CPU = Release|Any CPU
	EndGlobalSection
	GlobalSection(ProjectConfigurationPlatforms) = postSolution
		{782B614B-BA85-4ED8-8851-48EEB80C352B}.Debug|Any CPU.ActiveCfg = Debug|Any CPU
		{782B614B-BA85-4ED8-8851-48EEB80C352B}.Debug|Any CPU.Build.0 = Debug|Any CPU
		{782B614B-BA85-4ED8-8851-48EEB80C352B}.Release|Any CPU.ActiveCfg = Release|Any CPU
		{782B614B-BA85-4ED8-8851-48EEB80C352B}.Release|Any CPU.Build.0 = Release|Any CPU
	EndGlobalSection
	GlobalSection(SolutionProperties) = preSolution
		HideSolutionNode = FALSE
	EndGlobalSection
	GlobalSection(ExtensibilityGlobals) = postSolution
		SolutionGuid = {CF75E4FC-182C-489B-8FA0-965E22AEB519}
	EndGlobalSection
EndGlobal
